
Microsoft Visual Studio Solution File, Format Version 12.00
# Visual Studio 15
VisualStudioVersion = 15.0.28307.168
MinimumVisualStudioVersion = 10.0.40219.1
Project("{2150E333-8FDC-42A3-9474-1A3956D46DE8}") = "1.UI", "1.UI", "{2BFC6084-8326-4106-B053-11CB8B8009CF}"
EndProject
Project("{2150E333-8FDC-42A3-9474-1A3956D46DE8}") = "2.Services", "2.Services", "{4BDE08D8-BB60-42F5-823F-BDFC43153D91}"
EndProject
Project("{2150E333-8FDC-42A3-9474-1A3956D46DE8}") = "3.Repository", "3.Repository", "{88E631BD-74C9-434B-9430-22E4C0CB6512}"
EndProject
Project("{2150E333-8FDC-42A3-9474-1A3956D46DE8}") = "4.Entities", "4.Entities", "{2744C82D-E0C5-4988-8C80-7E0C563E583E}"
EndProject
Project("{2150E333-8FDC-42A3-9474-1A3956D46DE8}") = "5.Common", "5.Common", "{5762EE49-FC83-417C-9724-D23E0848AAED}"
EndProject
Project("{FAE04EC0-301F-11D3-BF4B-00C04F79EFBC}") = "NkBlog.Blog", "NkBlog.Blog\NkBlog.Blog.csproj", "{B46490FF-BBE1-4DC9-AF19-B20016F9A115}"
EndProject
Project("{FAE04EC0-301F-11D3-BF4B-00C04F79EFBC}") = "NkBlog.IServices", "NkBlog.IServices\NkBlog.IServices.csproj", "{182A5302-38D5-4C40-8A77-913666A693DF}"
EndProject
Project("{FAE04EC0-301F-11D3-BF4B-00C04F79EFBC}") = "NkBlog.Services", "NkBlog.Services\NkBlog.Services.csproj", "{F336ECFD-A6A9-4438-946F-A4AF15642A5C}"
EndProject
Project("{FAE04EC0-301F-11D3-BF4B-00C04F79EFBC}") = "NkBlog.Repository", "NkBlog.Repository\NkBlog.Repository.csproj", "{AB0EF686-8FCC-41FB-B540-F358CB52148E}"
EndProject
Project("{FAE04EC0-301F-11D3-BF4B-00C04F79EFBC}") = "NkBlog.IRepository", "NkBlog.IRepository\NkBlog.IRepository.csproj", "{B0015B35-9953-4062-B057-874227B44F4F}"
EndProject
Project("{FAE04EC0-301F-11D3-BF4B-00C04F79EFBC}") = "NkBlog.Entities", "NkBlog.Entities\NkBlog.Entities.csproj", "{C2C8701D-048C-4749-BDC0-414145D9887B}"
EndProject
Project("{FAE04EC0-301F-11D3-BF4B-00C04F79EFBC}") = "NkBolg.Common", "NkBolg.Common\NkBolg.Common.csproj", "{6374CC9F-40C0-4F7E-820F-1EE4FAEF0095}"
EndProject
Project("{2150E333-8FDC-42A3-9474-1A3956D46DE8}") = "6.IOC", "6.IOC", "{608A6CBB-4675-4295-91C0-B76EE5B27DD0}"
EndProject
Project("{FAE04EC0-301F-11D3-BF4B-00C04F79EFBC}") = "NkBlog.IOC", "NkBlog.IOC\NkBlog.IOC.csproj", "{D7A664BC-4D05-4E74-8376-4801F240DC22}"
EndProject
Global
	GlobalSection(SolutionConfigurationPlatforms) = preSolution
		Debug|Any CPU = Debug|Any CPU
		Release|Any CPU = Release|Any CPU
	EndGlobalSection
	GlobalSection(ProjectConfigurationPlatforms) = postSolution
		{B46490FF-BBE1-4DC9-AF19-B20016F9A115}.Debug|Any CPU.ActiveCfg = Debug|Any CPU
		{B46490FF-BBE1-4DC9-AF19-B20016F9A115}.Debug|Any CPU.Build.0 = Debug|Any CPU
		{B46490FF-BBE1-4DC9-AF19-B20016F9A115}.Release|Any CPU.ActiveCfg = Release|Any CPU
		{B46490FF-BBE1-4DC9-AF19-B20016F9A115}.Release|Any CPU.Build.0 = Release|Any CPU
		{182A5302-38D5-4C40-8A77-913666A693DF}.Debug|Any CPU.ActiveCfg = Debug|Any CPU
		{182A5302-38D5-4C40-8A77-913666A693DF}.Debug|Any CPU.Build.0 = Debug|Any CPU
		{182A5302-38D5-4C40-8A77-913666A693DF}.Release|Any CPU.ActiveCfg = Release|Any CPU
		{182A5302-38D5-4C40-8A77-913666A693DF}.Release|Any CPU.Build.0 = Release|Any CPU
		{F336ECFD-A6A9-4438-946F-A4AF15642A5C}.Debug|Any CPU.ActiveCfg = Debug|Any CPU
		{F336ECFD-A6A9-4438-946F-A4AF15642A5C}.Debug|Any CPU.Build.0 = Debug|Any CPU
		{F336ECFD-A6A9-4438-946F-A4AF15642A5C}.Release|Any CPU.ActiveCfg = Release|Any CPU
		{F336ECFD-A6A9-4438-946F-A4AF15642A5C}.Release|Any CPU.Build.0 = Release|Any CPU
		{AB0EF686-8FCC-41FB-B540-F358CB52148E}.Debug|Any CPU.ActiveCfg = Debug|Any CPU
		{AB0EF686-8FCC-41FB-B540-F358CB52148E}.Debug|Any CPU.Build.0 = Debug|Any CPU
		{AB0EF686-8FCC-41FB-B540-F358CB52148E}.Release|Any CPU.ActiveCfg = Release|Any CPU
		{AB0EF686-8FCC-41FB-B540-F358CB52148E}.Release|Any CPU.Build.0 = Release|Any CPU
		{B0015B35-9953-4062-B057-874227B44F4F}.Debug|Any CPU.ActiveCfg = Debug|Any CPU
		{B0015B35-9953-4062-B057-874227B44F4F}.Debug|Any CPU.Build.0 = Debug|Any CPU
		{B0015B35-9953-4062-B057-874227B44F4F}.Release|Any CPU.ActiveCfg = Release|Any CPU
		{B0015B35-9953-4062-B057-874227B44F4F}.Release|Any CPU.Build.0 = Release|Any CPU
		{C2C8701D-048C-4749-BDC0-414145D9887B}.Debug|Any CPU.ActiveCfg = Debug|Any CPU
		{C2C8701D-048C-4749-BDC0-414145D9887B}.Debug|Any CPU.Build.0 = Debug|Any CPU
		{C2C8701D-048C-4749-BDC0-414145D9887B}.Release|Any CPU.ActiveCfg = Release|Any CPU
		{C2C8701D-048C-4749-BDC0-414145D9887B}.Release|Any CPU.Build.0 = Release|Any CPU
		{6374CC9F-40C0-4F7E-820F-1EE4FAEF0095}.Debug|Any CPU.ActiveCfg = Debug|Any CPU
		{6374CC9F-40C0-4F7E-820F-1EE4FAEF0095}.Debug|Any CPU.Build.0 = Debug|Any CPU
		{6374CC9F-40C0-4F7E-820F-1EE4FAEF0095}.Release|Any CPU.ActiveCfg = Release|Any CPU
		{6374CC9F-40C0-4F7E-820F-1EE4FAEF0095}.Release|Any CPU.Build.0 = Release|Any CPU
		{D7A664BC-4D05-4E74-8376-4801F240DC22}.Debug|Any CPU.ActiveCfg = Debug|Any CPU
		{D7A664BC-4D05-4E74-8376-4801F240DC22}.Debug|Any CPU.Build.0 = Debug|Any CPU
		{D7A664BC-4D05-4E74-8376-4801F240DC22}.Release|Any CPU.ActiveCfg = Release|Any CPU
		{D7A664BC-4D05-4E74-8376-4801F240DC22}.Release|Any CPU.Build.0 = Release|Any CPU
	EndGlobalSection
	GlobalSection(SolutionProperties) = preSolution
		HideSolutionNode = FALSE
	EndGlobalSection
	GlobalSection(NestedProjects) = preSolution
		{B46490FF-BBE1-4DC9-AF19-B20016F9A115} = {2BFC6084-8326-4106-B053-11CB8B8009CF}
		{182A5302-38D5-4C40-8A77-913666A693DF} = {4BDE08D8-BB60-42F5-823F-BDFC43153D91}
		{F336ECFD-A6A9-4438-946F-A4AF15642A5C} = {4BDE08D8-BB60-42F5-823F-BDFC43153D91}
		{AB0EF686-8FCC-41FB-B540-F358CB52148E} = {88E631BD-74C9-434B-9430-22E4C0CB6512}
		{B0015B35-9953-4062-B057-874227B44F4F} = {88E631BD-74C9-434B-9430-22E4C0CB6512}
		{C2C8701D-048C-4749-BDC0-414145D9887B} = {2744C82D-E0C5-4988-8C80-7E0C563E583E}
		{6374CC9F-40C0-4F7E-820F-1EE4FAEF0095} = {5762EE49-FC83-417C-9724-D23E0848AAED}
		{D7A664BC-4D05-4E74-8376-4801F240DC22} = {608A6CBB-4675-4295-91C0-B76EE5B27DD0}
	EndGlobalSection
	GlobalSection(ExtensibilityGlobals) = postSolution
		SolutionGuid = {B6F38E92-677D-4CDE-B1C7-E81E77DFC951}
	EndGlobalSection
EndGlobal
